
Microsoft Visual Studio Solution File, Format Version 12.00
# Visual Studio Version 17
VisualStudioVersion = 17.9.34616.47
MinimumVisualStudioVersion = 10.0.40219.1
Project("{9A19103F-16F7-4668-BE54-9A1E7A4F7556}") = "Module1Assignement", "Module1Assignement\Module1Assignement.csproj", "{4E42F0EC-A754-4E48-A3B7-FB4F5717ACC3}"
EndProject
Global
	GlobalSection(SolutionConfigurationPlatforms) = preSolution
		Debug|Any CPU = Debug|Any CPU
		Release|Any CPU = Release|Any CPU
	EndGlobalSection
	GlobalSection(ProjectConfigurationPlatforms) = postSolution
		{4E42F0EC-A754-4E48-A3B7-FB4F5717ACC3}.Debug|Any CPU.ActiveCfg = Debug|Any CPU
		{4E42F0EC-A754-4E48-A3B7-FB4F5717ACC3}.Debug|Any CPU.Build.0 = Debug|Any CPU
		{4E42F0EC-A754-4E48-A3B7-FB4F5717ACC3}.Release|Any CPU.ActiveCfg = Release|Any CPU
		{4E42F0EC-A754-4E48-A3B7-FB4F5717ACC3}.Release|Any CPU.Build.0 = Release|Any CPU
	EndGlobalSection
	GlobalSection(SolutionProperties) = preSolution
		HideSolutionNode = FALSE
	EndGlobalSection
	GlobalSection(ExtensibilityGlobals) = postSolution
		SolutionGuid = {0EF3D338-C7E9-47CA-90E2-0311EDB02FEB}
	EndGlobalSection
EndGlobal
